{
  "name": "Parking-Project",
  "lockfileVersion": 3,
  "requires": true,
  "packages": {
    "": {
      "dependencies": {
        "leaflet": "^1.9.4",
        "pocketbase": "^0.21.1"
      }
    },
    "node_modules/leaflet": {
      "version": "1.9.4",
      "resolved": "https://registry.npmjs.org/leaflet/-/leaflet-1.9.4.tgz",
      "integrity": "sha512-nxS1ynzJOmOlHp+iL3FyWqK89GtNL8U8rvlMOsQdTTssxZwCXh8N2NB3GDQOL+YR3XnWyZAxwQixURb+FA74PA=="
    },
    "node_modules/pocketbase": {
      "version": "0.21.1",
      "resolved": "https://registry.npmjs.org/pocketbase/-/pocketbase-0.21.1.tgz",
      "integrity": "sha512-0PvCP4pKtxsV9kwldEGyibEvhwOcx9jSCrz3WN5CgPILJfM0z76f1op9WE8/8UgikDsMdRsc5iBLfKintrJS1g=="
    }
  }
}
